// !$*UTF8*$!
{
	archiveVersion = 1;
	classes = {
	};
	objectVersion = 46;
	objects = {

/* Begin PBXBuildFile section */
		1A7D60441C9322DD0010D204 /* ThemedWebView.swift in Sources */ = {isa = PBXBuildFile; fileRef = 1A7D60431C9322DD0010D204 /* ThemedWebView.swift */; };
		1A7D60461C9329160010D204 /* BackgroundInjection.js in Resources */ = {isa = PBXBuildFile; fileRef = 1A7D60451C9329160010D204 /* BackgroundInjection.js */; };
		1A7D60491C933F8D0010D204 /* nightshift.css in Resources */ = {isa = PBXBuildFile; fileRef = 1A7D60471C933F8D0010D204 /* nightshift.css */; };
		1A7D604A1C933F8D0010D204 /* solarized.css in Resources */ = {isa = PBXBuildFile; fileRef = 1A7D60481C933F8D0010D204 /* solarized.css */; };
		1AC8962A1C944FD70067C7B5 /* String+CSSSource.swift in Sources */ = {isa = PBXBuildFile; fileRef = 1AC896291C944FD70067C7B5 /* String+CSSSource.swift */; };
		1AC8962C1C9450B30067C7B5 /* String+URL.swift in Sources */ = {isa = PBXBuildFile; fileRef = 1AC8962B1C9450B30067C7B5 /* String+URL.swift */; };
		1AC896341C9455610067C7B5 /* MainViewController+WKNavigationDelegate.swift in Sources */ = {isa = PBXBuildFile; fileRef = 1AC896331C9455610067C7B5 /* MainViewController+WKNavigationDelegate.swift */; };
		1AC8963A1C9455C00067C7B5 /* MainViewController+KVO.swift in Sources */ = {isa = PBXBuildFile; fileRef = 1AC896391C9455C00067C7B5 /* MainViewController+KVO.swift */; };
		1AC8963C1C9456490067C7B5 /* MainViewController+UITextFieldDelegate.swift in Sources */ = {isa = PBXBuildFile; fileRef = 1AC8963B1C9456490067C7B5 /* MainViewController+UITextFieldDelegate.swift */; };
		1AC8963E1C9515010067C7B5 /* initialData.realm in Resources */ = {isa = PBXBuildFile; fileRef = 1AC8963D1C9514F90067C7B5 /* initialData.realm */; };
		1AC896401C95174B0067C7B5 /* String+FileLocations.swift in Sources */ = {isa = PBXBuildFile; fileRef = 1AC8963F1C95174B0067C7B5 /* String+FileLocations.swift */; };
		1AC896421C9518890067C7B5 /* MainViewController+InitialThemesData.swift in Sources */ = {isa = PBXBuildFile; fileRef = 1AC896411C9518890067C7B5 /* MainViewController+InitialThemesData.swift */; };
		1AC896441C951BAC0067C7B5 /* Storage.swift in Sources */ = {isa = PBXBuildFile; fileRef = 1AC896431C951BAC0067C7B5 /* Storage.swift */; };
		1AD0B7AF1C93FA45008D386B /* Theme.swift in Sources */ = {isa = PBXBuildFile; fileRef = 1AD0B7AE1C93FA45008D386B /* Theme.swift */; };
		1AD0B7B11C93FEA0008D386B /* Realm+Database.swift in Sources */ = {isa = PBXBuildFile; fileRef = 1AD0B7B01C93FEA0008D386B /* Realm+Database.swift */; };
		1AE4027B1C931918004B212D /* AppDelegate.swift in Sources */ = {isa = PBXBuildFile; fileRef = 1AE4027A1C931918004B212D /* AppDelegate.swift */; };
		1AE4027D1C931918004B212D /* MainViewController.swift in Sources */ = {isa = PBXBuildFile; fileRef = 1AE4027C1C931918004B212D /* MainViewController.swift */; };
		1AE402801C931918004B212D /* Main.storyboard in Resources */ = {isa = PBXBuildFile; fileRef = 1AE4027E1C931918004B212D /* Main.storyboard */; };
		1AE402821C931918004B212D /* Assets.xcassets in Resources */ = {isa = PBXBuildFile; fileRef = 1AE402811C931918004B212D /* Assets.xcassets */; };
		1AE402851C931918004B212D /* LaunchScreen.storyboard in Resources */ = {isa = PBXBuildFile; fileRef = 1AE402831C931918004B212D /* LaunchScreen.storyboard */; };
		1AE402901C931919004B212D /* SafariDarkModeTests.swift in Sources */ = {isa = PBXBuildFile; fileRef = 1AE4028F1C931919004B212D /* SafariDarkModeTests.swift */; };
		1AE4029B1C931919004B212D /* SafariDarkModeUITests.swift in Sources */ = {isa = PBXBuildFile; fileRef = 1AE4029A1C931919004B212D /* SafariDarkModeUITests.swift */; };
		29A0AB0EC4A315F31031F07A /* Pods_SafariDarkMode.framework in Frameworks */ = {isa = PBXBuildFile; fileRef = 03E502E40A1E5717714BD89B /* Pods_SafariDarkMode.framework */; };
/* End PBXBuildFile section */

/* Begin PBXContainerItemProxy section */
		1AE4028C1C931919004B212D /* PBXContainerItemProxy */ = {
			isa = PBXContainerItemProxy;
			containerPortal = 1AE4026F1C931918004B212D /* Project object */;
			proxyType = 1;
			remoteGlobalIDString = 1AE402761C931918004B212D;
			remoteInfo = SafariDarkMode;
		};
		1AE402971C931919004B212D /* PBXContainerItemProxy */ = {
			isa = PBXContainerItemProxy;
			containerPortal = 1AE4026F1C931918004B212D /* Project object */;
			proxyType = 1;
			remoteGlobalIDString = 1AE402761C931918004B212D;
			remoteInfo = SafariDarkMode;
		};
/* End PBXContainerItemProxy section */

/* Begin PBXFileReference section */
		03E502E40A1E5717714BD89B /* Pods_SafariDarkMode.framework */ = {isa = PBXFileReference; explicitFileType = wrapper.framework; includeInIndex = 0; path = Pods_SafariDarkMode.framework; sourceTree = BUILT_PRODUCTS_DIR; };
		1A7D60431C9322DD0010D204 /* ThemedWebView.swift */ = {isa = PBXFileReference; fileEncoding = 4; lastKnownFileType = sourcecode.swift; path = ThemedWebView.swift; sourceTree = "<group>"; };
		1A7D60451C9329160010D204 /* BackgroundInjection.js */ = {isa = PBXFileReference; fileEncoding = 4; lastKnownFileType = sourcecode.javascript; path = BackgroundInjection.js; sourceTree = "<group>"; };
		1A7D60471C933F8D0010D204 /* nightshift.css */ = {isa = PBXFileReference; fileEncoding = 4; lastKnownFileType = text.css; path = nightshift.css; sourceTree = "<group>"; };
		1A7D60481C933F8D0010D204 /* solarized.css */ = {isa = PBXFileReference; fileEncoding = 4; lastKnownFileType = text.css; path = solarized.css; sourceTree = "<group>"; };
		1AC896291C944FD70067C7B5 /* String+CSSSource.swift */ = {isa = PBXFileReference; fileEncoding = 4; lastKnownFileType = sourcecode.swift; path = "String+CSSSource.swift"; sourceTree = "<group>"; };
		1AC8962B1C9450B30067C7B5 /* String+URL.swift */ = {isa = PBXFileReference; fileEncoding = 4; lastKnownFileType = sourcecode.swift; path = "String+URL.swift"; sourceTree = "<group>"; };
		1AC896331C9455610067C7B5 /* MainViewController+WKNavigationDelegate.swift */ = {isa = PBXFileReference; fileEncoding = 4; lastKnownFileType = sourcecode.swift; path = "MainViewController+WKNavigationDelegate.swift"; sourceTree = "<group>"; };
		1AC896391C9455C00067C7B5 /* MainViewController+KVO.swift */ = {isa = PBXFileReference; fileEncoding = 4; lastKnownFileType = sourcecode.swift; path = "MainViewController+KVO.swift"; sourceTree = "<group>"; };
		1AC8963B1C9456490067C7B5 /* MainViewController+UITextFieldDelegate.swift */ = {isa = PBXFileReference; fileEncoding = 4; lastKnownFileType = sourcecode.swift; path = "MainViewController+UITextFieldDelegate.swift"; sourceTree = "<group>"; };
		1AC8963D1C9514F90067C7B5 /* initialData.realm */ = {isa = PBXFileReference; lastKnownFileType = file; path = initialData.realm; sourceTree = "<group>"; };
		1AC8963F1C95174B0067C7B5 /* String+FileLocations.swift */ = {isa = PBXFileReference; fileEncoding = 4; lastKnownFileType = sourcecode.swift; path = "String+FileLocations.swift"; sourceTree = "<group>"; };
		1AC896411C9518890067C7B5 /* MainViewController+InitialThemesData.swift */ = {isa = PBXFileReference; fileEncoding = 4; lastKnownFileType = sourcecode.swift; path = "MainViewController+InitialThemesData.swift"; sourceTree = "<group>"; };
		1AC896431C951BAC0067C7B5 /* Storage.swift */ = {isa = PBXFileReference; fileEncoding = 4; lastKnownFileType = sourcecode.swift; path = Storage.swift; sourceTree = "<group>"; };
		1AD0B7AE1C93FA45008D386B /* Theme.swift */ = {isa = PBXFileReference; fileEncoding = 4; lastKnownFileType = sourcecode.swift; path = Theme.swift; sourceTree = "<group>"; };
		1AD0B7B01C93FEA0008D386B /* Realm+Database.swift */ = {isa = PBXFileReference; fileEncoding = 4; lastKnownFileType = sourcecode.swift; path = "Realm+Database.swift"; sourceTree = "<group>"; };
		1AE402771C931918004B212D /* SafariDarkMode.app */ = {isa = PBXFileReference; explicitFileType = wrapper.application; includeInIndex = 0; path = SafariDarkMode.app; sourceTree = BUILT_PRODUCTS_DIR; };
		1AE4027A1C931918004B212D /* AppDelegate.swift */ = {isa = PBXFileReference; lastKnownFileType = sourcecode.swift; path = AppDelegate.swift; sourceTree = "<group>"; };
		1AE4027C1C931918004B212D /* MainViewController.swift */ = {isa = PBXFileReference; lastKnownFileType = sourcecode.swift; path = MainViewController.swift; sourceTree = "<group>"; };
		1AE4027F1C931918004B212D /* Base */ = {isa = PBXFileReference; lastKnownFileType = file.storyboard; name = Base; path = Base.lproj/Main.storyboard; sourceTree = "<group>"; };
		1AE402811C931918004B212D /* Assets.xcassets */ = {isa = PBXFileReference; lastKnownFileType = folder.assetcatalog; path = Assets.xcassets; sourceTree = "<group>"; };
		1AE402841C931918004B212D /* Base */ = {isa = PBXFileReference; lastKnownFileType = file.storyboard; name = Base; path = Base.lproj/LaunchScreen.storyboard; sourceTree = "<group>"; };
		1AE402861C931918004B212D /* Info.plist */ = {isa = PBXFileReference; lastKnownFileType = text.plist.xml; path = Info.plist; sourceTree = "<group>"; };
		1AE4028B1C931919004B212D /* SafariDarkModeTests.xctest */ = {isa = PBXFileReference; explicitFileType = wrapper.cfbundle; includeInIndex = 0; path = SafariDarkModeTests.xctest; sourceTree = BUILT_PRODUCTS_DIR; };
		1AE4028F1C931919004B212D /* SafariDarkModeTests.swift */ = {isa = PBXFileReference; lastKnownFileType = sourcecode.swift; path = SafariDarkModeTests.swift; sourceTree = "<group>"; };
		1AE402911C931919004B212D /* Info.plist */ = {isa = PBXFileReference; lastKnownFileType = text.plist.xml; path = Info.plist; sourceTree = "<group>"; };
		1AE402961C931919004B212D /* SafariDarkModeUITests.xctest */ = {isa = PBXFileReference; explicitFileType = wrapper.cfbundle; includeInIndex = 0; path = SafariDarkModeUITests.xctest; sourceTree = BUILT_PRODUCTS_DIR; };
		1AE4029A1C931919004B212D /* SafariDarkModeUITests.swift */ = {isa = PBXFileReference; lastKnownFileType = sourcecode.swift; path = SafariDarkModeUITests.swift; sourceTree = "<group>"; };
		1AE4029C1C931919004B212D /* Info.plist */ = {isa = PBXFileReference; lastKnownFileType = text.plist.xml; path = Info.plist; sourceTree = "<group>"; };
		44D134394DB7D186502C63B8 /* Pods-SafariDarkMode.release.xcconfig */ = {isa = PBXFileReference; includeInIndex = 1; lastKnownFileType = text.xcconfig; name = "Pods-SafariDarkMode.release.xcconfig"; path = "Pods/Target Support Files/Pods-SafariDarkMode/Pods-SafariDarkMode.release.xcconfig"; sourceTree = "<group>"; };
		E1700B09F8DEBD9A641B6EC6 /* Pods-SafariDarkMode.debug.xcconfig */ = {isa = PBXFileReference; includeInIndex = 1; lastKnownFileType = text.xcconfig; name = "Pods-SafariDarkMode.debug.xcconfig"; path = "Pods/Target Support Files/Pods-SafariDarkMode/Pods-SafariDarkMode.debug.xcconfig"; sourceTree = "<group>"; };
/* End PBXFileReference section */

/* Begin PBXFrameworksBuildPhase section */
		1AE402741C931918004B212D /* Frameworks */ = {
			isa = PBXFrameworksBuildPhase;
			buildActionMask = 2147483647;
			files = (
				29A0AB0EC4A315F31031F07A /* Pods_SafariDarkMode.framework in Frameworks */,
			);
			runOnlyForDeploymentPostprocessing = 0;
		};
		1AE402881C931919004B212D /* Frameworks */ = {
			isa = PBXFrameworksBuildPhase;
			buildActionMask = 2147483647;
			files = (
			);
			runOnlyForDeploymentPostprocessing = 0;
		};
		1AE402931C931919004B212D /* Frameworks */ = {
			isa = PBXFrameworksBuildPhase;
			buildActionMask = 2147483647;
			files = (
			);
			runOnlyForDeploymentPostprocessing = 0;
		};
/* End PBXFrameworksBuildPhase section */

/* Begin PBXGroup section */
		119288110988E84D6984A6E3 /* Frameworks */ = {
			isa = PBXGroup;
			children = (
				03E502E40A1E5717714BD89B /* Pods_SafariDarkMode.framework */,
			);
			name = Frameworks;
			sourceTree = "<group>";
		};
		1AC8962D1C9450F10067C7B5 /* String Helpers */ = {
			isa = PBXGroup;
			children = (
				1AC896291C944FD70067C7B5 /* String+CSSSource.swift */,
				1AC8962B1C9450B30067C7B5 /* String+URL.swift */,
				1AC8963F1C95174B0067C7B5 /* String+FileLocations.swift */,
			);
			name = "String Helpers";
			sourceTree = "<group>";
		};
		1AC8962E1C9452E20067C7B5 /* Storage */ = {
			isa = PBXGroup;
			children = (
				1AD0B7AE1C93FA45008D386B /* Theme.swift */,
				1AD0B7B01C93FEA0008D386B /* Realm+Database.swift */,
				1AC896431C951BAC0067C7B5 /* Storage.swift */,
			);
			name = Storage;
			sourceTree = "<group>";
		};
		1AC8962F1C9453B50067C7B5 /* Static Files */ = {
			isa = PBXGroup;
			children = (
				1AC8963D1C9514F90067C7B5 /* initialData.realm */,
				1A7D60451C9329160010D204 /* BackgroundInjection.js */,
				1A7D60471C933F8D0010D204 /* nightshift.css */,
				1A7D60481C933F8D0010D204 /* solarized.css */,
			);
			name = "Static Files";
			sourceTree = "<group>";
		};
		1AC896301C9453DC0067C7B5 /* Views */ = {
			isa = PBXGroup;
			children = (
				1A7D60431C9322DD0010D204 /* ThemedWebView.swift */,
			);
			name = Views;
			sourceTree = "<group>";
		};
		1AC896311C9454020067C7B5 /* Pluto */ = {
			isa = PBXGroup;
			children = (
				1AE402831C931918004B212D /* LaunchScreen.storyboard */,
				1AE4027A1C931918004B212D /* AppDelegate.swift */,
				1AE402861C931918004B212D /* Info.plist */,
			);
			name = Pluto;
			sourceTree = "<group>";
		};
		1AC896321C9454270067C7B5 /* Controllers */ = {
			isa = PBXGroup;
			children = (
				1AE4027C1C931918004B212D /* MainViewController.swift */,
				1AC896331C9455610067C7B5 /* MainViewController+WKNavigationDelegate.swift */,
				1AC896391C9455C00067C7B5 /* MainViewController+KVO.swift */,
				1AC8963B1C9456490067C7B5 /* MainViewController+UITextFieldDelegate.swift */,
				1AC896411C9518890067C7B5 /* MainViewController+InitialThemesData.swift */,
			);
			name = Controllers;
			sourceTree = "<group>";
		};
		1AE4026E1C931918004B212D = {
			isa = PBXGroup;
			children = (
				1AE402791C931918004B212D /* SafariDarkMode */,
				1AE4028E1C931919004B212D /* SafariDarkModeTests */,
				1AE402991C931919004B212D /* SafariDarkModeUITests */,
				1AE402781C931918004B212D /* Products */,
				2F5590F3B4B37B67FE4C346C /* Pods */,
				119288110988E84D6984A6E3 /* Frameworks */,
			);
			sourceTree = "<group>";
		};
		1AE402781C931918004B212D /* Products */ = {
			isa = PBXGroup;
			children = (
				1AE402771C931918004B212D /* SafariDarkMode.app */,
				1AE4028B1C931919004B212D /* SafariDarkModeTests.xctest */,
				1AE402961C931919004B212D /* SafariDarkModeUITests.xctest */,
			);
			name = Products;
			sourceTree = "<group>";
		};
		1AE402791C931918004B212D /* SafariDarkMode */ = {
			isa = PBXGroup;
			children = (
				1AC896321C9454270067C7B5 /* Controllers */,
				1AC896301C9453DC0067C7B5 /* Views */,
				1AC8962E1C9452E20067C7B5 /* Storage */,
				1AC8962D1C9450F10067C7B5 /* String Helpers */,
				1AC8962F1C9453B50067C7B5 /* Static Files */,
				1AE402811C931918004B212D /* Assets.xcassets */,
				1AE4027E1C931918004B212D /* Main.storyboard */,
				1AC896311C9454020067C7B5 /* Pluto */,
			);
			path = SafariDarkMode;
			sourceTree = "<group>";
		};
		1AE4028E1C931919004B212D /* SafariDarkModeTests */ = {
			isa = PBXGroup;
			children = (
				1AE4028F1C931919004B212D /* SafariDarkModeTests.swift */,
				1AE402911C931919004B212D /* Info.plist */,
			);
			path = SafariDarkModeTests;
			sourceTree = "<group>";
		};
		1AE402991C931919004B212D /* SafariDarkModeUITests */ = {
			isa = PBXGroup;
			children = (
				1AE4029A1C931919004B212D /* SafariDarkModeUITests.swift */,
				1AE4029C1C931919004B212D /* Info.plist */,
			);
			path = SafariDarkModeUITests;
			sourceTree = "<group>";
		};
		2F5590F3B4B37B67FE4C346C /* Pods */ = {
			isa = PBXGroup;
			children = (
				E1700B09F8DEBD9A641B6EC6 /* Pods-SafariDarkMode.debug.xcconfig */,
				44D134394DB7D186502C63B8 /* Pods-SafariDarkMode.release.xcconfig */,
			);
			name = Pods;
			sourceTree = "<group>";
		};
/* End PBXGroup section */

/* Begin PBXNativeTarget section */
		1AE402761C931918004B212D /* SafariDarkMode */ = {
			isa = PBXNativeTarget;
			buildConfigurationList = 1AE4029F1C931919004B212D /* Build configuration list for PBXNativeTarget "SafariDarkMode" */;
			buildPhases = (
				899D7016C6A6EBA9C50AB62B /* Check Pods Manifest.lock */,
				1AE402731C931918004B212D /* Sources */,
				1AE402741C931918004B212D /* Frameworks */,
				1AE402751C931918004B212D /* Resources */,
				E948741223C8640EB4412BDF /* Embed Pods Frameworks */,
				52C6022306F1B5452A76D2CA /* Copy Pods Resources */,
			);
			buildRules = (
			);
			dependencies = (
			);
			name = SafariDarkMode;
			productName = SafariDarkMode;
			productReference = 1AE402771C931918004B212D /* SafariDarkMode.app */;
			productType = "com.apple.product-type.application";
		};
		1AE4028A1C931919004B212D /* SafariDarkModeTests */ = {
			isa = PBXNativeTarget;
			buildConfigurationList = 1AE402A21C931919004B212D /* Build configuration list for PBXNativeTarget "SafariDarkModeTests" */;
			buildPhases = (
				1AE402871C931919004B212D /* Sources */,
				1AE402881C931919004B212D /* Frameworks */,
				1AE402891C931919004B212D /* Resources */,
			);
			buildRules = (
			);
			dependencies = (
				1AE4028D1C931919004B212D /* PBXTargetDependency */,
			);
			name = SafariDarkModeTests;
			productName = SafariDarkModeTests;
			productReference = 1AE4028B1C931919004B212D /* SafariDarkModeTests.xctest */;
			productType = "com.apple.product-type.bundle.unit-test";
		};
		1AE402951C931919004B212D /* SafariDarkModeUITests */ = {
			isa = PBXNativeTarget;
			buildConfigurationList = 1AE402A51C931919004B212D /* Build configuration list for PBXNativeTarget "SafariDarkModeUITests" */;
			buildPhases = (
				1AE402921C931919004B212D /* Sources */,
				1AE402931C931919004B212D /* Frameworks */,
				1AE402941C931919004B212D /* Resources */,
			);
			buildRules = (
			);
			dependencies = (
				1AE402981C931919004B212D /* PBXTargetDependency */,
			);
			name = SafariDarkModeUITests;
			productName = SafariDarkModeUITests;
			productReference = 1AE402961C931919004B212D /* SafariDarkModeUITests.xctest */;
			productType = "com.apple.product-type.bundle.ui-testing";
		};
/* End PBXNativeTarget section */

/* Begin PBXProject section */
		1AE4026F1C931918004B212D /* Project object */ = {
			isa = PBXProject;
			attributes = {
				LastSwiftUpdateCheck = 0730;
				LastUpgradeCheck = 0730;
				ORGANIZATIONNAME = "Dat Truong";
				TargetAttributes = {
					1AE402761C931918004B212D = {
						CreatedOnToolsVersion = 7.3;
						DevelopmentTeam = 2C68524SPS;
					};
					1AE4028A1C931919004B212D = {
						CreatedOnToolsVersion = 7.3;
						TestTargetID = 1AE402761C931918004B212D;
					};
					1AE402951C931919004B212D = {
						CreatedOnToolsVersion = 7.3;
						TestTargetID = 1AE402761C931918004B212D;
					};
				};
			};
			buildConfigurationList = 1AE402721C931918004B212D /* Build configuration list for PBXProject "SafariDarkMode" */;
			compatibilityVersion = "Xcode 3.2";
			developmentRegion = English;
			hasScannedForEncodings = 0;
			knownRegions = (
				en,
				Base,
			);
			mainGroup = 1AE4026E1C931918004B212D;
			productRefGroup = 1AE402781C931918004B212D /* Products */;
			projectDirPath = "";
			projectRoot = "";
			targets = (
				1AE402761C931918004B212D /* SafariDarkMode */,
				1AE4028A1C931919004B212D /* SafariDarkModeTests */,
				1AE402951C931919004B212D /* SafariDarkModeUITests */,
			);
		};
/* End PBXProject section */

/* Begin PBXResourcesBuildPhase section */
		1AE402751C931918004B212D /* Resources */ = {
			isa = PBXResourcesBuildPhase;
			buildActionMask = 2147483647;
			files = (
				1A7D60491C933F8D0010D204 /* nightshift.css in Resources */,
				1A7D60461C9329160010D204 /* BackgroundInjection.js in Resources */,
				1AE402851C931918004B212D /* LaunchScreen.storyboard in Resources */,
				1A7D604A1C933F8D0010D204 /* solarized.css in Resources */,
				1AC8963E1C9515010067C7B5 /* initialData.realm in Resources */,
				1AE402821C931918004B212D /* Assets.xcassets in Resources */,
				1AE402801C931918004B212D /* Main.storyboard in Resources */,
			);
			runOnlyForDeploymentPostprocessing = 0;
		};
		1AE402891C931919004B212D /* Resources */ = {
			isa = PBXResourcesBuildPhase;
			buildActionMask = 2147483647;
			files = (
			);
			runOnlyForDeploymentPostprocessing = 0;
		};
		1AE402941C931919004B212D /* Resources */ = {
			isa = PBXResourcesBuildPhase;
			buildActionMask = 2147483647;
			files = (
			);
			runOnlyForDeploymentPostprocessing = 0;
		};
/* End PBXResourcesBuildPhase section */

/* Begin PBXShellScriptBuildPhase section */
		52C6022306F1B5452A76D2CA /* Copy Pods Resources */ = {
			isa = PBXShellScriptBuildPhase;
			buildActionMask = 2147483647;
			files = (
			);
			inputPaths = (
			);
			name = "Copy Pods Resources";
			outputPaths = (
			);
			runOnlyForDeploymentPostprocessing = 0;
			shellPath = /bin/sh;
			shellScript = "\"${SRCROOT}/Pods/Target Support Files/Pods-SafariDarkMode/Pods-SafariDarkMode-resources.sh\"\n";
			showEnvVarsInLog = 0;
		};
		899D7016C6A6EBA9C50AB62B /* Check Pods Manifest.lock */ = {
			isa = PBXShellScriptBuildPhase;
			buildActionMask = 2147483647;
			files = (
			);
			inputPaths = (
			);
			name = "Check Pods Manifest.lock";
			outputPaths = (
			);
			runOnlyForDeploymentPostprocessing = 0;
			shellPath = /bin/sh;
			shellScript = "diff \"${PODS_ROOT}/../Podfile.lock\" \"${PODS_ROOT}/Manifest.lock\" > /dev/null\nif [[ $? != 0 ]] ; then\n    cat << EOM\nerror: The sandbox is not in sync with the Podfile.lock. Run 'pod install' or update your CocoaPods installation.\nEOM\n    exit 1\nfi\n";
			showEnvVarsInLog = 0;
		};
		E948741223C8640EB4412BDF /* Embed Pods Frameworks */ = {
			isa = PBXShellScriptBuildPhase;
			buildActionMask = 2147483647;
			files = (
			);
			inputPaths = (
			);
			name = "Embed Pods Frameworks";
			outputPaths = (
			);
			runOnlyForDeploymentPostprocessing = 0;
			shellPath = /bin/sh;
			shellScript = "\"${SRCROOT}/Pods/Target Support Files/Pods-SafariDarkMode/Pods-SafariDarkMode-frameworks.sh\"\n";
			showEnvVarsInLog = 0;
		};
/* End PBXShellScriptBuildPhase section */

/* Begin PBXSourcesBuildPhase section */
		1AE402731C931918004B212D /* Sources */ = {
			isa = PBXSourcesBuildPhase;
			buildActionMask = 2147483647;
			files = (
				1AC8963C1C9456490067C7B5 /* MainViewController+UITextFieldDelegate.swift in Sources */,
				1AC8962C1C9450B30067C7B5 /* String+URL.swift in Sources */,
				1AC8962A1C944FD70067C7B5 /* String+CSSSource.swift in Sources */,
				1AD0B7B11C93FEA0008D386B /* Realm+Database.swift in Sources */,
				1AE4027D1C931918004B212D /* MainViewController.swift in Sources */,
				1AC896341C9455610067C7B5 /* MainViewController+WKNavigationDelegate.swift in Sources */,
				1AE4027B1C931918004B212D /* AppDelegate.swift in Sources */,
				1AD0B7AF1C93FA45008D386B /* Theme.swift in Sources */,
				1A7D60441C9322DD0010D204 /* ThemedWebView.swift in Sources */,
				1AC896401C95174B0067C7B5 /* String+FileLocations.swift in Sources */,
				1AC896421C9518890067C7B5 /* MainViewController+InitialThemesData.swift in Sources */,
				1AC8963A1C9455C00067C7B5 /* MainViewController+KVO.swift in Sources */,
				1AC896441C951BAC0067C7B5 /* Storage.swift in Sources */,
			);
			runOnlyForDeploymentPostprocessing = 0;
		};
		1AE402871C931919004B212D /* Sources */ = {
			isa = PBXSourcesBuildPhase;
			buildActionMask = 2147483647;
			files = (
				1AE402901C931919004B212D /* SafariDarkModeTests.swift in Sources */,
			);
			runOnlyForDeploymentPostprocessing = 0;
		};
		1AE402921C931919004B212D /* Sources */ = {
			isa = PBXSourcesBuildPhase;
			buildActionMask = 2147483647;
			files = (
				1AE4029B1C931919004B212D /* SafariDarkModeUITests.swift in Sources */,
			);
			runOnlyForDeploymentPostprocessing = 0;
		};
/* End PBXSourcesBuildPhase section */

/* Begin PBXTargetDependency section */
		1AE4028D1C931919004B212D /* PBXTargetDependency */ = {
			isa = PBXTargetDependency;
			target = 1AE402761C931918004B212D /* SafariDarkMode */;
			targetProxy = 1AE4028C1C931919004B212D /* PBXContainerItemProxy */;
		};
		1AE402981C931919004B212D /* PBXTargetDependency */ = {
			isa = PBXTargetDependency;
			target = 1AE402761C931918004B212D /* SafariDarkMode */;
			targetProxy = 1AE402971C931919004B212D /* PBXContainerItemProxy */;
		};
/* End PBXTargetDependency section */

/* Begin PBXVariantGroup section */
		1AE4027E1C931918004B212D /* Main.storyboard */ = {
			isa = PBXVariantGroup;
			children = (
				1AE4027F1C931918004B212D /* Base */,
			);
			name = Main.storyboard;
			sourceTree = "<group>";
		};
		1AE402831C931918004B212D /* LaunchScreen.storyboard */ = {
			isa = PBXVariantGroup;
			children = (
				1AE402841C931918004B212D /* Base */,
			);
			name = LaunchScreen.storyboard;
			sourceTree = "<group>";
		};
/* End PBXVariantGroup section */

/* Begin XCBuildConfiguration section */
		1AE4029D1C931919004B212D /* Debug */ = {
			isa = XCBuildConfiguration;
			buildSettings = {
				ALWAYS_SEARCH_USER_PATHS = NO;
				CLANG_CXX_LANGUAGE_STANDARD = "gnu++0x";
				CLANG_CXX_LIBRARY = "libc++";
				CLANG_ENABLE_MODULES = YES;
				CLANG_ENABLE_OBJC_ARC = YES;
				CLANG_WARN_BOOL_CONVERSION = YES;
				CLANG_WARN_CONSTANT_CONVERSION = YES;
				CLANG_WARN_DIRECT_OBJC_ISA_USAGE = YES_ERROR;
				CLANG_WARN_EMPTY_BODY = YES;
				CLANG_WARN_ENUM_CONVERSION = YES;
				CLANG_WARN_INT_CONVERSION = YES;
				CLANG_WARN_OBJC_ROOT_CLASS = YES_ERROR;
				CLANG_WARN_UNREACHABLE_CODE = YES;
				CLANG_WARN__DUPLICATE_METHOD_MATCH = YES;
				"CODE_SIGN_IDENTITY[sdk=iphoneos*]" = "iPhone Developer";
				COPY_PHASE_STRIP = NO;
				DEBUG_INFORMATION_FORMAT = dwarf;
				ENABLE_STRICT_OBJC_MSGSEND = YES;
				ENABLE_TESTABILITY = YES;
				GCC_C_LANGUAGE_STANDARD = gnu99;
				GCC_DYNAMIC_NO_PIC = NO;
				GCC_NO_COMMON_BLOCKS = YES;
				GCC_OPTIMIZATION_LEVEL = 0;
				GCC_PREPROCESSOR_DEFINITIONS = (
					"DEBUG=1",
					"$(inherited)",
				);
				GCC_WARN_64_TO_32_BIT_CONVERSION = YES;
				GCC_WARN_ABOUT_RETURN_TYPE = YES_ERROR;
				GCC_WARN_UNDECLARED_SELECTOR = YES;
				GCC_WARN_UNINITIALIZED_AUTOS = YES_AGGRESSIVE;
				GCC_WARN_UNUSED_FUNCTION = YES;
				GCC_WARN_UNUSED_VARIABLE = YES;
				IPHONEOS_DEPLOYMENT_TARGET = 9.3;
				MTL_ENABLE_DEBUG_INFO = YES;
				ONLY_ACTIVE_ARCH = YES;
				SDKROOT = iphoneos;
				SWIFT_OPTIMIZATION_LEVEL = "-Onone";
				TARGETED_DEVICE_FAMILY = "1,2";
			};
			name = Debug;
		};
		1AE4029E1C931919004B212D /* Release */ = {
			isa = XCBuildConfiguration;
			buildSettings = {
				ALWAYS_SEARCH_USER_PATHS = NO;
				CLANG_CXX_LANGUAGE_STANDARD = "gnu++0x";
				CLANG_CXX_LIBRARY = "libc++";
				CLANG_ENABLE_MODULES = YES;
				CLANG_ENABLE_OBJC_ARC = YES;
				CLANG_WARN_BOOL_CONVERSION = YES;
				CLANG_WARN_CONSTANT_CONVERSION = YES;
				CLANG_WARN_DIRECT_OBJC_ISA_USAGE = YES_ERROR;
				CLANG_WARN_EMPTY_BODY = YES;
				CLANG_WARN_ENUM_CONVERSION = YES;
				CLANG_WARN_INT_CONVERSION = YES;
				CLANG_WARN_OBJC_ROOT_CLASS = YES_ERROR;
				CLANG_WARN_UNREACHABLE_CODE = YES;
				CLANG_WARN__DUPLICATE_METHOD_MATCH = YES;
				"CODE_SIGN_IDENTITY[sdk=iphoneos*]" = "iPhone Developer";
				COPY_PHASE_STRIP = NO;
				DEBUG_INFORMATION_FORMAT = "dwarf-with-dsym";
				ENABLE_NS_ASSERTIONS = NO;
				ENABLE_STRICT_OBJC_MSGSEND = YES;
				GCC_C_LANGUAGE_STANDARD = gnu99;
				GCC_NO_COMMON_BLOCKS = YES;
				GCC_WARN_64_TO_32_BIT_CONVERSION = YES;
				GCC_WARN_ABOUT_RETURN_TYPE = YES_ERROR;
				GCC_WARN_UNDECLARED_SELECTOR = YES;
				GCC_WARN_UNINITIALIZED_AUTOS = YES_AGGRESSIVE;
				GCC_WARN_UNUSED_FUNCTION = YES;
				GCC_WARN_UNUSED_VARIABLE = YES;
				IPHONEOS_DEPLOYMENT_TARGET = 9.3;
				MTL_ENABLE_DEBUG_INFO = NO;
				SDKROOT = iphoneos;
				TARGETED_DEVICE_FAMILY = "1,2";
				VALIDATE_PRODUCT = YES;
			};
			name = Release;
		};
		1AE402A01C931919004B212D /* Debug */ = {
			isa = XCBuildConfiguration;
			baseConfigurationReference = E1700B09F8DEBD9A641B6EC6 /* Pods-SafariDarkMode.debug.xcconfig */;
			buildSettings = {
				ASSETCATALOG_COMPILER_APPICON_NAME = AppIcon;
				CODE_SIGN_IDENTITY = "iPhone Developer";
				"CODE_SIGN_IDENTITY[sdk=iphoneos*]" = "iPhone Developer";
				INFOPLIST_FILE = SafariDarkMode/Info.plist;
				IPHONEOS_DEPLOYMENT_TARGET = 9.0;
				LD_RUNPATH_SEARCH_PATHS = "$(inherited) @executable_path/Frameworks";
				PRODUCT_BUNDLE_IDENTIFIER = at.anhd.SafariDarkMode;
				PRODUCT_NAME = "$(TARGET_NAME)";
				PROVISIONING_PROFILE = "";
			};
			name = Debug;
		};
		1AE402A11C931919004B212D /* Release */ = {
			isa = XCBuildConfiguration;
			baseConfigurationReference = 44D134394DB7D186502C63B8 /* Pods-SafariDarkMode.release.xcconfig */;
			buildSettings = {
				ASSETCATALOG_COMPILER_APPICON_NAME = AppIcon;
				CODE_SIGN_IDENTITY = "iPhone Developer";
				"CODE_SIGN_IDENTITY[sdk=iphoneos*]" = "iPhone Developer";
				INFOPLIST_FILE = SafariDarkMode/Info.plist;
				IPHONEOS_DEPLOYMENT_TARGET = 9.0;
				LD_RUNPATH_SEARCH_PATHS = "$(inherited) @executable_path/Frameworks";
				PRODUCT_BUNDLE_IDENTIFIER = at.anhd.SafariDarkMode;
				PRODUCT_NAME = "$(TARGET_NAME)";
				PROVISIONING_PROFILE = "";
			};
			name = Release;
		};
		1AE402A31C931919004B212D /* Debug */ = {
			isa = XCBuildConfiguration;
			buildSettings = {
				BUNDLE_LOADER = "$(TEST_HOST)";
				INFOPLIST_FILE = SafariDarkModeTests/Info.plist;
				LD_RUNPATH_SEARCH_PATHS = "$(inherited) @executable_path/Frameworks @loader_path/Frameworks";
				PRODUCT_BUNDLE_IDENTIFIER = at.anhd.SafariDarkModeTests;
				PRODUCT_NAME = "$(TARGET_NAME)";
				TEST_HOST = "$(BUILT_PRODUCTS_DIR)/SafariDarkMode.app/SafariDarkMode";
			};
			name = Debug;
		};
		1AE402A41C931919004B212D /* Release */ = {
			isa = XCBuildConfiguration;
			buildSettings = {
				BUNDLE_LOADER = "$(TEST_HOST)";
				INFOPLIST_FILE = SafariDarkModeTests/Info.plist;
				LD_RUNPATH_SEARCH_PATHS = "$(inherited) @executable_path/Frameworks @loader_path/Frameworks";
				PRODUCT_BUNDLE_IDENTIFIER = at.anhd.SafariDarkModeTests;
				PRODUCT_NAME = "$(TARGET_NAME)";
				TEST_HOST = "$(BUILT_PRODUCTS_DIR)/SafariDarkMode.app/SafariDarkMode";
			};
			name = Release;
		};
		1AE402A61C931919004B212D /* Debug */ = {
			isa = XCBuildConfiguration;
			buildSettings = {
				INFOPLIST_FILE = SafariDarkModeUITests/Info.plist;
				LD_RUNPATH_SEARCH_PATHS = "$(inherited) @executable_path/Frameworks @loader_path/Frameworks";
				PRODUCT_BUNDLE_IDENTIFIER = at.anhd.SafariDarkModeUITests;
				PRODUCT_NAME = "$(TARGET_NAME)";
				TEST_TARGET_NAME = SafariDarkMode;
			};
			name = Debug;
		};
		1AE402A71C931919004B212D /* Release */ = {
			isa = XCBuildConfiguration;
			buildSettings = {
				INFOPLIST_FILE = SafariDarkModeUITests/Info.plist;
				LD_RUNPATH_SEARCH_PATHS = "$(inherited) @executable_path/Frameworks @loader_path/Frameworks";
				PRODUCT_BUNDLE_IDENTIFIER = at.anhd.SafariDarkModeUITests;
				PRODUCT_NAME = "$(TARGET_NAME)";
				TEST_TARGET_NAME = SafariDarkMode;
			};
			name = Release;
		};
/* End XCBuildConfiguration section */

/* Begin XCConfigurationList section */
		1AE402721C931918004B212D /* Build configuration list for PBXProject "SafariDarkMode" */ = {
			isa = XCConfigurationList;
			buildConfigurations = (
				1AE4029D1C931919004B212D /* Debug */,
				1AE4029E1C931919004B212D /* Release */,
			);
			defaultConfigurationIsVisible = 0;
			defaultConfigurationName = Release;
		};
		1AE4029F1C931919004B212D /* Build configuration list for PBXNativeTarget "SafariDarkMode" */ = {
			isa = XCConfigurationList;
			buildConfigurations = (
				1AE402A01C931919004B212D /* Debug */,
				1AE402A11C931919004B212D /* Release */,
			);
			defaultConfigurationIsVisible = 0;
			defaultConfigurationName = Release;
		};
		1AE402A21C931919004B212D /* Build configuration list for PBXNativeTarget "SafariDarkModeTests" */ = {
			isa = XCConfigurationList;
			buildConfigurations = (
				1AE402A31C931919004B212D /* Debug */,
				1AE402A41C931919004B212D /* Release */,
			);
			defaultConfigurationIsVisible = 0;
			defaultConfigurationName = Release;
		};
		1AE402A51C931919004B212D /* Build configuration list for PBXNativeTarget "SafariDarkModeUITests" */ = {
			isa = XCConfigurationList;
			buildConfigurations = (
				1AE402A61C931919004B212D /* Debug */,
				1AE402A71C931919004B212D /* Release */,
			);
			defaultConfigurationIsVisible = 0;
			defaultConfigurationName = Release;
		};
/* End XCConfigurationList section */
	};
	rootObject = 1AE4026F1C931918004B212D /* Project object */;
}
